// !$*UTF8*$!
{
	archiveVersion = 1;
	classes = {
	};
	objectVersion = 50;
	objects = {

/* Begin PBXBuildFile section */
		95DE9A032119A08900790787 /* AppDelegate.m in Sources */ = {isa = PBXBuildFile; fileRef = 95DE9A022119A08900790787 /* AppDelegate.m */; };
		95DE9A062119A08900790787 /* ViewController.m in Sources */ = {isa = PBXBuildFile; fileRef = 95DE9A052119A08900790787 /* ViewController.m */; };
		95DE9A092119A08900790787 /* Main.storyboard in Resources */ = {isa = PBXBuildFile; fileRef = 95DE9A072119A08900790787 /* Main.storyboard */; };
		95DE9A0B2119A08A00790787 /* Assets.xcassets in Resources */ = {isa = PBXBuildFile; fileRef = 95DE9A0A2119A08A00790787 /* Assets.xcassets */; };
		95DE9A0E2119A08A00790787 /* LaunchScreen.storyboard in Resources */ = {isa = PBXBuildFile; fileRef = 95DE9A0C2119A08A00790787 /* LaunchScreen.storyboard */; };
		95DE9A112119A08A00790787 /* main.m in Sources */ = {isa = PBXBuildFile; fileRef = 95DE9A102119A08A00790787 /* main.m */; };
		95DE9A39211A818B00790787 /* SFJNextController.m in Sources */ = {isa = PBXBuildFile; fileRef = 95DE9A38211A818B00790787 /* SFJNextController.m */; };
		95DE9A3B211A92D700790787 /* SFJInputTextView.m in Sources */ = {isa = PBXBuildFile; fileRef = 95DE9A3A211A92D700790787 /* SFJInputTextView.m */; };
/* End PBXBuildFile section */

/* Begin PBXContainerItemProxy section */
		95DE9A172119A08B00790787 /* PBXContainerItemProxy */ = {
			isa = PBXContainerItemProxy;
			containerPortal = 95DE99F62119A08900790787 /* Project object */;
			proxyType = 1;
			remoteGlobalIDString = 95DE99FD2119A08900790787;
			remoteInfo = SFJInputViewDemo;
		};
		95DE9A222119A08B00790787 /* PBXContainerItemProxy */ = {
			isa = PBXContainerItemProxy;
			containerPortal = 95DE99F62119A08900790787 /* Project object */;
			proxyType = 1;
			remoteGlobalIDString = 95DE99FD2119A08900790787;
			remoteInfo = SFJInputViewDemo;
		};
/* End PBXContainerItemProxy section */

/* Begin PBXFileReference section */
		95DE99FE2119A08900790787 /* SFJInputViewDemo.app */ = {isa = PBXFileReference; explicitFileType = wrapper.application; includeInIndex = 0; path = SFJInputViewDemo.app; sourceTree = BUILT_PRODUCTS_DIR; };
		95DE9A012119A08900790787 /* AppDelegate.h */ = {isa = PBXFileReference; lastKnownFileType = sourcecode.c.h; path = AppDelegate.h; sourceTree = "<group>"; };
		95DE9A022119A08900790787 /* AppDelegate.m */ = {isa = PBXFileReference; lastKnownFileType = sourcecode.c.objc; path = AppDelegate.m; sourceTree = "<group>"; };
		95DE9A042119A08900790787 /* ViewController.h */ = {isa = PBXFileReference; lastKnownFileType = sourcecode.c.h; path = ViewController.h; sourceTree = "<group>"; };
		95DE9A052119A08900790787 /* ViewController.m */ = {isa = PBXFileReference; lastKnownFileType = sourcecode.c.objc; path = ViewController.m; sourceTree = "<group>"; };
		95DE9A082119A08900790787 /* Base */ = {isa = PBXFileReference; lastKnownFileType = file.storyboard; name = Base; path = Base.lproj/Main.storyboard; sourceTree = "<group>"; };
		95DE9A0A2119A08A00790787 /* Assets.xcassets */ = {isa = PBXFileReference; lastKnownFileType = folder.assetcatalog; path = Assets.xcassets; sourceTree = "<group>"; };
		95DE9A0D2119A08A00790787 /* Base */ = {isa = PBXFileReference; lastKnownFileType = file.storyboard; name = Base; path = Base.lproj/LaunchScreen.storyboard; sourceTree = "<group>"; };
		95DE9A0F2119A08A00790787 /* Info.plist */ = {isa = PBXFileReference; lastKnownFileType = text.plist.xml; path = Info.plist; sourceTree = "<group>"; };
		95DE9A102119A08A00790787 /* main.m */ = {isa = PBXFileReference; lastKnownFileType = sourcecode.c.objc; path = main.m; sourceTree = "<group>"; };
		95DE9A162119A08B00790787 /* SFJInputViewDemoTests.xctest */ = {isa = PBXFileReference; explicitFileType = wrapper.cfbundle; includeInIndex = 0; path = SFJInputViewDemoTests.xctest; sourceTree = BUILT_PRODUCTS_DIR; };
		95DE9A212119A08B00790787 /* SFJInputViewDemoUITests.xctest */ = {isa = PBXFileReference; explicitFileType = wrapper.cfbundle; includeInIndex = 0; path = SFJInputViewDemoUITests.xctest; sourceTree = BUILT_PRODUCTS_DIR; };
		95DE9A352119A37B00790787 /* SFJInputTextView.h */ = {isa = PBXFileReference; fileEncoding = 4; lastKnownFileType = sourcecode.c.h; path = SFJInputTextView.h; sourceTree = "<group>"; };
		95DE9A37211A818B00790787 /* SFJNextController.h */ = {isa = PBXFileReference; lastKnownFileType = sourcecode.c.h; path = SFJNextController.h; sourceTree = "<group>"; };
		95DE9A38211A818B00790787 /* SFJNextController.m */ = {isa = PBXFileReference; lastKnownFileType = sourcecode.c.objc; path = SFJNextController.m; sourceTree = "<group>"; };
		95DE9A3A211A92D700790787 /* SFJInputTextView.m */ = {isa = PBXFileReference; fileEncoding = 4; lastKnownFileType = sourcecode.c.objc; path = SFJInputTextView.m; sourceTree = "<group>"; };
/* End PBXFileReference section */

/* Begin PBXFrameworksBuildPhase section */
		95DE99FB2119A08900790787 /* Frameworks */ = {
			isa = PBXFrameworksBuildPhase;
			buildActionMask = 2147483647;
			files = (
			);
			runOnlyForDeploymentPostprocessing = 0;
		};
		95DE9A132119A08B00790787 /* Frameworks */ = {
			isa = PBXFrameworksBuildPhase;
			buildActionMask = 2147483647;
			files = (
			);
			runOnlyForDeploymentPostprocessing = 0;
		};
		95DE9A1E2119A08B00790787 /* Frameworks */ = {
			isa = PBXFrameworksBuildPhase;
			buildActionMask = 2147483647;
			files = (
			);
			runOnlyForDeploymentPostprocessing = 0;
		};
/* End PBXFrameworksBuildPhase section */

/* Begin PBXGroup section */
		95DE99F52119A08900790787 = {
			isa = PBXGroup;
			children = (
				95DE9A002119A08900790787 /* SFJInputViewDemo */,
				95DE99FF2119A08900790787 /* Products */,
			);
			sourceTree = "<group>";
		};
		95DE99FF2119A08900790787 /* Products */ = {
			isa = PBXGroup;
			children = (
				95DE99FE2119A08900790787 /* SFJInputViewDemo.app */,
				95DE9A162119A08B00790787 /* SFJInputViewDemoTests.xctest */,
				95DE9A212119A08B00790787 /* SFJInputViewDemoUITests.xctest */,
			);
			name = Products;
			sourceTree = "<group>";
		};
		95DE9A002119A08900790787 /* SFJInputViewDemo */ = {
			isa = PBXGroup;
			children = (
				95DE9A332119A0F800790787 /* SFJInputView */,
				95DE9A012119A08900790787 /* AppDelegate.h */,
				95DE9A022119A08900790787 /* AppDelegate.m */,
				95DE9A042119A08900790787 /* ViewController.h */,
				95DE9A052119A08900790787 /* ViewController.m */,
				95DE9A37211A818B00790787 /* SFJNextController.h */,
				95DE9A38211A818B00790787 /* SFJNextController.m */,
				95DE9A072119A08900790787 /* Main.storyboard */,
				95DE9A0A2119A08A00790787 /* Assets.xcassets */,
				95DE9A0C2119A08A00790787 /* LaunchScreen.storyboard */,
				95DE9A0F2119A08A00790787 /* Info.plist */,
				95DE9A102119A08A00790787 /* main.m */,
			);
			path = SFJInputViewDemo;
			sourceTree = "<group>";
		};
		95DE9A332119A0F800790787 /* SFJInputView */ = {
			isa = PBXGroup;
			children = (
				95DE9A352119A37B00790787 /* SFJInputTextView.h */,
				95DE9A3A211A92D700790787 /* SFJInputTextView.m */,
			);
			path = SFJInputView;
			sourceTree = "<group>";
		};
/* End PBXGroup section */

/* Begin PBXNativeTarget section */
		95DE99FD2119A08900790787 /* SFJInputViewDemo */ = {
			isa = PBXNativeTarget;
			buildConfigurationList = 95DE9A2A2119A08B00790787 /* Build configuration list for PBXNativeTarget "SFJInputViewDemo" */;
			buildPhases = (
				95DE99FA2119A08900790787 /* Sources */,
				95DE99FB2119A08900790787 /* Frameworks */,
				95DE99FC2119A08900790787 /* Resources */,
			);
			buildRules = (
			);
			dependencies = (
			);
			name = SFJInputViewDemo;
			productName = SFJInputViewDemo;
			productReference = 95DE99FE2119A08900790787 /* SFJInputViewDemo.app */;
			productType = "com.apple.product-type.application";
		};
		95DE9A152119A08B00790787 /* SFJInputViewDemoTests */ = {
			isa = PBXNativeTarget;
			buildConfigurationList = 95DE9A2D2119A08B00790787 /* Build configuration list for PBXNativeTarget "SFJInputViewDemoTests" */;
			buildPhases = (
				95DE9A122119A08B00790787 /* Sources */,
				95DE9A132119A08B00790787 /* Frameworks */,
				95DE9A142119A08B00790787 /* Resources */,
			);
			buildRules = (
			);
			dependencies = (
				95DE9A182119A08B00790787 /* PBXTargetDependency */,
			);
			name = SFJInputViewDemoTests;
			productName = SFJInputViewDemoTests;
			productReference = 95DE9A162119A08B00790787 /* SFJInputViewDemoTests.xctest */;
			productType = "com.apple.product-type.bundle.unit-test";
		};
		95DE9A202119A08B00790787 /* SFJInputViewDemoUITests */ = {
			isa = PBXNativeTarget;
			buildConfigurationList = 95DE9A302119A08B00790787 /* Build configuration list for PBXNativeTarget "SFJInputViewDemoUITests" */;
			buildPhases = (
				95DE9A1D2119A08B00790787 /* Sources */,
				95DE9A1E2119A08B00790787 /* Frameworks */,
				95DE9A1F2119A08B00790787 /* Resources */,
			);
			buildRules = (
			);
			dependencies = (
				95DE9A232119A08B00790787 /* PBXTargetDependency */,
			);
			name = SFJInputViewDemoUITests;
			productName = SFJInputViewDemoUITests;
			productReference = 95DE9A212119A08B00790787 /* SFJInputViewDemoUITests.xctest */;
			productType = "com.apple.product-type.bundle.ui-testing";
		};
/* End PBXNativeTarget section */

/* Begin PBXProject section */
		95DE99F62119A08900790787 /* Project object */ = {
			isa = PBXProject;
			attributes = {
				LastUpgradeCheck = 0940;
				ORGANIZATIONNAME = "赵维";
				TargetAttributes = {
					95DE99FD2119A08900790787 = {
						CreatedOnToolsVersion = 9.4.1;
					};
					95DE9A152119A08B00790787 = {
						CreatedOnToolsVersion = 9.4.1;
						TestTargetID = 95DE99FD2119A08900790787;
					};
					95DE9A202119A08B00790787 = {
						CreatedOnToolsVersion = 9.4.1;
						TestTargetID = 95DE99FD2119A08900790787;
					};
				};
			};
			buildConfigurationList = 95DE99F92119A08900790787 /* Build configuration list for PBXProject "SFJInputViewDemo" */;
			compatibilityVersion = "Xcode 9.3";
			developmentRegion = en;
			hasScannedForEncodings = 0;
			knownRegions = (
				en,
				Base,
			);
			mainGroup = 95DE99F52119A08900790787;
			productRefGroup = 95DE99FF2119A08900790787 /* Products */;
			projectDirPath = "";
			projectRoot = "";
			targets = (
				95DE99FD2119A08900790787 /* SFJInputViewDemo */,
				95DE9A152119A08B00790787 /* SFJInputViewDemoTests */,
				95DE9A202119A08B00790787 /* SFJInputViewDemoUITests */,
			);
		};
/* End PBXProject section */

/* Begin PBXResourcesBuildPhase section */
		95DE99FC2119A08900790787 /* Resources */ = {
			isa = PBXResourcesBuildPhase;
			buildActionMask = 2147483647;
			files = (
				95DE9A0E2119A08A00790787 /* LaunchScreen.storyboard in Resources */,
				95DE9A0B2119A08A00790787 /* Assets.xcassets in Resources */,
				95DE9A092119A08900790787 /* Main.storyboard in Resources */,
			);
			runOnlyForDeploymentPostprocessing = 0;
		};
		95DE9A142119A08B00790787 /* Resources */ = {
			isa = PBXResourcesBuildPhase;
			buildActionMask = 2147483647;
			files = (
			);
			runOnlyForDeploymentPostprocessing = 0;
		};
		95DE9A1F2119A08B00790787 /* Resources */ = {
			isa = PBXResourcesBuildPhase;
			buildActionMask = 2147483647;
			files = (
			);
			runOnlyForDeploymentPostprocessing = 0;
		};
/* End PBXResourcesBuildPhase section */

/* Begin PBXSourcesBuildPhase section */
		95DE99FA2119A08900790787 /* Sources */ = {
			isa = PBXSourcesBuildPhase;
			buildActionMask = 2147483647;
			files = (
				95DE9A3B211A92D700790787 /* SFJInputTextView.m in Sources */,
				95DE9A062119A08900790787 /* ViewController.m in Sources */,
				95DE9A112119A08A00790787 /* main.m in Sources */,
				95DE9A032119A08900790787 /* AppDelegate.m in Sources */,
				95DE9A39211A818B00790787 /* SFJNextController.m in Sources */,
			);
			runOnlyForDeploymentPostprocessing = 0;
		};
		95DE9A122119A08B00790787 /* Sources */ = {
			isa = PBXSourcesBuildPhase;
			buildActionMask = 2147483647;
			files = (
			);
			runOnlyForDeploymentPostprocessing = 0;
		};
		95DE9A1D2119A08B00790787 /* Sources */ = {
			isa = PBXSourcesBuildPhase;
			buildActionMask = 2147483647;
			files = (
			);
			runOnlyForDeploymentPostprocessing = 0;
		};
/* End PBXSourcesBuildPhase section */

/* Begin PBXTargetDependency section */
		95DE9A182119A08B00790787 /* PBXTargetDependency */ = {
			isa = PBXTargetDependency;
			target = 95DE99FD2119A08900790787 /* SFJInputViewDemo */;
			targetProxy = 95DE9A172119A08B00790787 /* PBXContainerItemProxy */;
		};
		95DE9A232119A08B00790787 /* PBXTargetDependency */ = {
			isa = PBXTargetDependency;
			target = 95DE99FD2119A08900790787 /* SFJInputViewDemo */;
			targetProxy = 95DE9A222119A08B00790787 /* PBXContainerItemProxy */;
		};
/* End PBXTargetDependency section */

/* Begin PBXVariantGroup section */
		95DE9A072119A08900790787 /* Main.storyboard */ = {
			isa = PBXVariantGroup;
			children = (
				95DE9A082119A08900790787 /* Base */,
			);
			name = Main.storyboard;
			sourceTree = "<group>";
		};
		95DE9A0C2119A08A00790787 /* LaunchScreen.storyboard */ = {
			isa = PBXVariantGroup;
			children = (
				95DE9A0D2119A08A00790787 /* Base */,
			);
			name = LaunchScreen.storyboard;
			sourceTree = "<group>";
		};
/* End PBXVariantGroup section */

/* Begin XCBuildConfiguration section */
		95DE9A282119A08B00790787 /* Debug */ = {
			isa = XCBuildConfiguration;
			buildSettings = {
				ALWAYS_SEARCH_USER_PATHS = NO;
				CLANG_ANALYZER_NONNULL = YES;
				CLANG_ANALYZER_NUMBER_OBJECT_CONVERSION = YES_AGGRESSIVE;
				CLANG_CXX_LANGUAGE_STANDARD = "gnu++14";
				CLANG_CXX_LIBRARY = "libc++";
				CLANG_ENABLE_MODULES = YES;
				CLANG_ENABLE_OBJC_ARC = YES;
				CLANG_ENABLE_OBJC_WEAK = YES;
				CLANG_WARN_BLOCK_CAPTURE_AUTORELEASING = YES;
				CLANG_WARN_BOOL_CONVERSION = YES;
				CLANG_WARN_COMMA = YES;
				CLANG_WARN_CONSTANT_CONVERSION = YES;
				CLANG_WARN_DEPRECATED_OBJC_IMPLEMENTATIONS = YES;
				CLANG_WARN_DIRECT_OBJC_ISA_USAGE = YES_ERROR;
				CLANG_WARN_DOCUMENTATION_COMMENTS = YES;
				CLANG_WARN_EMPTY_BODY = YES;
				CLANG_WARN_ENUM_CONVERSION = YES;
				CLANG_WARN_INFINITE_RECURSION = YES;
				CLANG_WARN_INT_CONVERSION = YES;
				CLANG_WARN_NON_LITERAL_NULL_CONVERSION = YES;
				CLANG_WARN_OBJC_IMPLICIT_RETAIN_SELF = YES;
				CLANG_WARN_OBJC_LITERAL_CONVERSION = YES;
				CLANG_WARN_OBJC_ROOT_CLASS = YES_ERROR;
				CLANG_WARN_RANGE_LOOP_ANALYSIS = YES;
				CLANG_WARN_STRICT_PROTOTYPES = YES;
				CLANG_WARN_SUSPICIOUS_MOVE = YES;
				CLANG_WARN_UNGUARDED_AVAILABILITY = YES_AGGRESSIVE;
				CLANG_WARN_UNREACHABLE_CODE = YES;
				CLANG_WARN__DUPLICATE_METHOD_MATCH = YES;
				CODE_SIGN_IDENTITY = "iPhone Developer";
				COPY_PHASE_STRIP = NO;
				DEBUG_INFORMATION_FORMAT = dwarf;
				ENABLE_STRICT_OBJC_MSGSEND = YES;
				ENABLE_TESTABILITY = YES;
				GCC_C_LANGUAGE_STANDARD = gnu11;
				GCC_DYNAMIC_NO_PIC = NO;
				GCC_NO_COMMON_BLOCKS = YES;
				GCC_OPTIMIZATION_LEVEL = 0;
				GCC_PREPROCESSOR_DEFINITIONS = (
					"DEBUG=1",
					"$(inherited)",
				);
				GCC_WARN_64_TO_32_BIT_CONVERSION = YES;
				GCC_WARN_ABOUT_RETURN_TYPE = YES_ERROR;
				GCC_WARN_UNDECLARED_SELECTOR = YES;
				GCC_WARN_UNINITIALIZED_AUTOS = YES_AGGRESSIVE;
				GCC_WARN_UNUSED_FUNCTION = YES;
				GCC_WARN_UNUSED_VARIABLE = YES;
				IPHONEOS_DEPLOYMENT_TARGET = 11.4;
				MTL_ENABLE_DEBUG_INFO = YES;
				ONLY_ACTIVE_ARCH = YES;
				SDKROOT = iphoneos;
			};
			name = Debug;
		};
		95DE9A292119A08B00790787 /* Release */ = {
			isa = XCBuildConfiguration;
			buildSettings = {
				ALWAYS_SEARCH_USER_PATHS = NO;
				CLANG_ANALYZER_NONNULL = YES;
				CLANG_ANALYZER_NUMBER_OBJECT_CONVERSION = YES_AGGRESSIVE;
				CLANG_CXX_LANGUAGE_STANDARD = "gnu++14";
				CLANG_CXX_LIBRARY = "libc++";
				CLANG_ENABLE_MODULES = YES;
				CLANG_ENABLE_OBJC_ARC = YES;
				CLANG_ENABLE_OBJC_WEAK = YES;
				CLANG_WARN_BLOCK_CAPTURE_AUTORELEASING = YES;
				CLANG_WARN_BOOL_CONVERSION = YES;
				CLANG_WARN_COMMA = YES;
				CLANG_WARN_CONSTANT_CONVERSION = YES;
				CLANG_WARN_DEPRECATED_OBJC_IMPLEMENTATIONS = YES;
				CLANG_WARN_DIRECT_OBJC_ISA_USAGE = YES_ERROR;
				CLANG_WARN_DOCUMENTATION_COMMENTS = YES;
				CLANG_WARN_EMPTY_BODY = YES;
				CLANG_WARN_ENUM_CONVERSION = YES;
				CLANG_WARN_INFINITE_RECURSION = YES;
				CLANG_WARN_INT_CONVERSION = YES;
				CLANG_WARN_NON_LITERAL_NULL_CONVERSION = YES;
				CLANG_WARN_OBJC_IMPLICIT_RETAIN_SELF = YES;
				CLANG_WARN_OBJC_LITERAL_CONVERSION = YES;
				CLANG_WARN_OBJC_ROOT_CLASS = YES_ERROR;
				CLANG_WARN_RANGE_LOOP_ANALYSIS = YES;
				CLANG_WARN_STRICT_PROTOTYPES = YES;
				CLANG_WARN_SUSPICIOUS_MOVE = YES;
				CLANG_WARN_UNGUARDED_AVAILABILITY = YES_AGGRESSIVE;
				CLANG_WARN_UNREACHABLE_CODE = YES;
				CLANG_WARN__DUPLICATE_METHOD_MATCH = YES;
				CODE_SIGN_IDENTITY = "iPhone Developer";
				COPY_PHASE_STRIP = NO;
				DEBUG_INFORMATION_FORMAT = "dwarf-with-dsym";
				ENABLE_NS_ASSERTIONS = NO;
				ENABLE_STRICT_OBJC_MSGSEND = YES;
				GCC_C_LANGUAGE_STANDARD = gnu11;
				GCC_NO_COMMON_BLOCKS = YES;
				GCC_WARN_64_TO_32_BIT_CONVERSION = YES;
				GCC_WARN_ABOUT_RETURN_TYPE = YES_ERROR;
				GCC_WARN_UNDECLARED_SELECTOR = YES;
				GCC_WARN_UNINITIALIZED_AUTOS = YES_AGGRESSIVE;
				GCC_WARN_UNUSED_FUNCTION = YES;
				GCC_WARN_UNUSED_VARIABLE = YES;
				IPHONEOS_DEPLOYMENT_TARGET = 11.4;
				MTL_ENABLE_DEBUG_INFO = NO;
				SDKROOT = iphoneos;
				VALIDATE_PRODUCT = YES;
			};
			name = Release;
		};
		95DE9A2B2119A08B00790787 /* Debug */ = {
			isa = XCBuildConfiguration;
			buildSettings = {
				ASSETCATALOG_COMPILER_APPICON_NAME = AppIcon;
				CODE_SIGN_STYLE = Automatic;
				DEVELOPMENT_TEAM = 3L79MU6X59;
				INFOPLIST_FILE = SFJInputViewDemo/Info.plist;
				LD_RUNPATH_SEARCH_PATHS = (
					"$(inherited)",
					"@executable_path/Frameworks",
				);
				PRODUCT_BUNDLE_IDENTIFIER = com.wesee.SFJInputViewDemo;
				PRODUCT_NAME = "$(TARGET_NAME)";
				TARGETED_DEVICE_FAMILY = "1,2";
			};
			name = Debug;
		};
		95DE9A2C2119A08B00790787 /* Release */ = {
			isa = XCBuildConfiguration;
			buildSettings = {
				ASSETCATALOG_COMPILER_APPICON_NAME = AppIcon;
				CODE_SIGN_STYLE = Automatic;
				DEVELOPMENT_TEAM = 3L79MU6X59;
				INFOPLIST_FILE = SFJInputViewDemo/Info.plist;
				LD_RUNPATH_SEARCH_PATHS = (
					"$(inherited)",
					"@executable_path/Frameworks",
				);
				PRODUCT_BUNDLE_IDENTIFIER = com.wesee.SFJInputViewDemo;
				PRODUCT_NAME = "$(TARGET_NAME)";
				TARGETED_DEVICE_FAMILY = "1,2";
			};
			name = Release;
		};
		95DE9A2E2119A08B00790787 /* Debug */ = {
			isa = XCBuildConfiguration;
			buildSettings = {
				BUNDLE_LOADER = "$(TEST_HOST)";
				CODE_SIGN_STYLE = Automatic;
				DEVELOPMENT_TEAM = 3L79MU6X59;
				INFOPLIST_FILE = SFJInputViewDemoTests/Info.plist;
				LD_RUNPATH_SEARCH_PATHS = (
					"$(inherited)",
					"@executable_path/Frameworks",
					"@loader_path/Frameworks",
				);
				PRODUCT_BUNDLE_IDENTIFIER = com.wesee.SFJInputViewDemoTests;
				PRODUCT_NAME = "$(TARGET_NAME)";
				TARGETED_DEVICE_FAMILY = "1,2";
				TEST_HOST = "$(BUILT_PRODUCTS_DIR)/SFJInputViewDemo.app/SFJInputViewDemo";
			};
			name = Debug;
		};
		95DE9A2F2119A08B00790787 /* Release */ = {
			isa = XCBuildConfiguration;
			buildSettings = {
				BUNDLE_LOADER = "$(TEST_HOST)";
				CODE_SIGN_STYLE = Automatic;
				DEVELOPMENT_TEAM = 3L79MU6X59;
				INFOPLIST_FILE = SFJInputViewDemoTests/Info.plist;
				LD_RUNPATH_SEARCH_PATHS = (
					"$(inherited)",
					"@executable_path/Frameworks",
					"@loader_path/Frameworks",
				);
				PRODUCT_BUNDLE_IDENTIFIER = com.wesee.SFJInputViewDemoTests;
				PRODUCT_NAME = "$(TARGET_NAME)";
				TARGETED_DEVICE_FAMILY = "1,2";
				TEST_HOST = "$(BUILT_PRODUCTS_DIR)/SFJInputViewDemo.app/SFJInputViewDemo";
			};
			name = Release;
		};
		95DE9A312119A08B00790787 /* Debug */ = {
			isa = XCBuildConfiguration;
			buildSettings = {
				CODE_SIGN_STYLE = Automatic;
				DEVELOPMENT_TEAM = 3L79MU6X59;
				INFOPLIST_FILE = SFJInputViewDemoUITests/Info.plist;
				LD_RUNPATH_SEARCH_PATHS = (
					"$(inherited)",
					"@executable_path/Frameworks",
					"@loader_path/Frameworks",
				);
				PRODUCT_BUNDLE_IDENTIFIER = com.wesee.SFJInputViewDemoUITests;
				PRODUCT_NAME = "$(TARGET_NAME)";
				TARGETED_DEVICE_FAMILY = "1,2";
				TEST_TARGET_NAME = SFJInputViewDemo;
			};
			name = Debug;
		};
		95DE9A322119A08B00790787 /* Release */ = {
			isa = XCBuildConfiguration;
			buildSettings = {
				CODE_SIGN_STYLE = Automatic;
				DEVELOPMENT_TEAM = 3L79MU6X59;
				INFOPLIST_FILE = SFJInputViewDemoUITests/Info.plist;
				LD_RUNPATH_SEARCH_PATHS = (
					"$(inherited)",
					"@executable_path/Frameworks",
					"@loader_path/Frameworks",
				);
				PRODUCT_BUNDLE_IDENTIFIER = com.wesee.SFJInputViewDemoUITests;
				PRODUCT_NAME = "$(TARGET_NAME)";
				TARGETED_DEVICE_FAMILY = "1,2";
				TEST_TARGET_NAME = SFJInputViewDemo;
			};
			name = Release;
		};
/* End XCBuildConfiguration section */

/* Begin XCConfigurationList section */
		95DE99F92119A08900790787 /* Build configuration list for PBXProject "SFJInputViewDemo" */ = {
			isa = XCConfigurationList;
			buildConfigurations = (
				95DE9A282119A08B00790787 /* Debug */,
				95DE9A292119A08B00790787 /* Release */,
			);
			defaultConfigurationIsVisible = 0;
			defaultConfigurationName = Release;
		};
		95DE9A2A2119A08B00790787 /* Build configuration list for PBXNativeTarget "SFJInputViewDemo" */ = {
			isa = XCConfigurationList;
			buildConfigurations = (
				95DE9A2B2119A08B00790787 /* Debug */,
				95DE9A2C2119A08B00790787 /* Release */,
			);
			defaultConfigurationIsVisible = 0;
			defaultConfigurationName = Release;
		};
		95DE9A2D2119A08B00790787 /* Build configuration list for PBXNativeTarget "SFJInputViewDemoTests" */ = {
			isa = XCConfigurationList;
			buildConfigurations = (
				95DE9A2E2119A08B00790787 /* Debug */,
				95DE9A2F2119A08B00790787 /* Release */,
			);
			defaultConfigurationIsVisible = 0;
			defaultConfigurationName = Release;
		};
		95DE9A302119A08B00790787 /* Build configuration list for PBXNativeTarget "SFJInputViewDemoUITests" */ = {
			isa = XCConfigurationList;
			buildConfigurations = (
				95DE9A312119A08B00790787 /* Debug */,
				95DE9A322119A08B00790787 /* Release */,
			);
			defaultConfigurationIsVisible = 0;
			defaultConfigurationName = Release;
		};
/* End XCConfigurationList section */
	};
	rootObject = 95DE99F62119A08900790787 /* Project object */;
}
